
Microsoft Visual Studio Solution File, Format Version 12.00
Project("{FAE04EC0-301F-11D3-BF4B-00C04F79EFBC}") = "AoC2021DotNet", "AoC2021DotNet\AoC2021DotNet.csproj", "{59BD5470-BE7A-4932-949B-C277B2A5EA93}"
EndProject
Global
	GlobalSection(SolutionConfigurationPlatforms) = preSolution
		Debug|Any CPU = Debug|Any CPU
		Release|Any CPU = Release|Any CPU
	EndGlobalSection
	GlobalSection(ProjectConfigurationPlatforms) = postSolution
		{59BD5470-BE7A-4932-949B-C277B2A5EA93}.Debug|Any CPU.ActiveCfg = Debug|Any CPU
		{59BD5470-BE7A-4932-949B-C277B2A5EA93}.Debug|Any CPU.Build.0 = Debug|Any CPU
		{59BD5470-BE7A-4932-949B-C277B2A5EA93}.Release|Any CPU.ActiveCfg = Release|Any CPU
		{59BD5470-BE7A-4932-949B-C277B2A5EA93}.Release|Any CPU.Build.0 = Release|Any CPU
	EndGlobalSection
EndGlobal
